
Microsoft Visual Studio Solution File, Format Version 12.00
# Visual Studio Version 17
VisualStudioVersion = 17.6.33829.357
MinimumVisualStudioVersion = 10.0.40219.1
Project("{FAE04EC0-301F-11D3-BF4B-00C04F79EFBC}") = "Lab_Ass3_Ques6", "Lab_Ass3_Ques6\Lab_Ass3_Ques6.csproj", "{B234F684-CE0F-44A7-AE25-709BC262971E}"
EndProject
Global
	GlobalSection(SolutionConfigurationPlatforms) = preSolution
		Debug|Any CPU = Debug|Any CPU
		Release|Any CPU = Release|Any CPU
	EndGlobalSection
	GlobalSection(ProjectConfigurationPlatforms) = postSolution
		{B234F684-CE0F-44A7-AE25-709BC262971E}.Debug|Any CPU.ActiveCfg = Debug|Any CPU
		{B234F684-CE0F-44A7-AE25-709BC262971E}.Debug|Any CPU.Build.0 = Debug|Any CPU
		{B234F684-CE0F-44A7-AE25-709BC262971E}.Release|Any CPU.ActiveCfg = Release|Any CPU
		{B234F684-CE0F-44A7-AE25-709BC262971E}.Release|Any CPU.Build.0 = Release|Any CPU
	EndGlobalSection
	GlobalSection(SolutionProperties) = preSolution
		HideSolutionNode = FALSE
	EndGlobalSection
	GlobalSection(ExtensibilityGlobals) = postSolution
		SolutionGuid = {E2E621D3-F1EF-4542-9AEF-FB54FBF3C241}
	EndGlobalSection
EndGlobal
