
Microsoft Visual Studio Solution File, Format Version 12.00
# Visual Studio Version 17
VisualStudioVersion = 17.6.33829.357
MinimumVisualStudioVersion = 10.0.40219.1
Project("{FAE04EC0-301F-11D3-BF4B-00C04F79EFBC}") = "Lab_Ass3_Ques8", "Lab_Ass3_Ques8\Lab_Ass3_Ques8.csproj", "{B741737B-CE0D-4AB8-B2A0-8B81FF1AC1C4}"
EndProject
Global
	GlobalSection(SolutionConfigurationPlatforms) = preSolution
		Debug|Any CPU = Debug|Any CPU
		Release|Any CPU = Release|Any CPU
	EndGlobalSection
	GlobalSection(ProjectConfigurationPlatforms) = postSolution
		{B741737B-CE0D-4AB8-B2A0-8B81FF1AC1C4}.Debug|Any CPU.ActiveCfg = Debug|Any CPU
		{B741737B-CE0D-4AB8-B2A0-8B81FF1AC1C4}.Debug|Any CPU.Build.0 = Debug|Any CPU
		{B741737B-CE0D-4AB8-B2A0-8B81FF1AC1C4}.Release|Any CPU.ActiveCfg = Release|Any CPU
		{B741737B-CE0D-4AB8-B2A0-8B81FF1AC1C4}.Release|Any CPU.Build.0 = Release|Any CPU
	EndGlobalSection
	GlobalSection(SolutionProperties) = preSolution
		HideSolutionNode = FALSE
	EndGlobalSection
	GlobalSection(ExtensibilityGlobals) = postSolution
		SolutionGuid = {893888FB-1604-4EE6-9192-4DDE6086057C}
	EndGlobalSection
EndGlobal
