
Microsoft Visual Studio Solution File, Format Version 12.00
# Visual Studio Version 17
VisualStudioVersion = 17.6.33829.357
MinimumVisualStudioVersion = 10.0.40219.1
Project("{FAE04EC0-301F-11D3-BF4B-00C04F79EFBC}") = "Lab_Ass3_Ques10_2", "Lab_Ass3_Ques10_2\Lab_Ass3_Ques10_2.csproj", "{6F7B3075-BE8B-43D7-948F-C03D1D7220ED}"
EndProject
Global
	GlobalSection(SolutionConfigurationPlatforms) = preSolution
		Debug|Any CPU = Debug|Any CPU
		Release|Any CPU = Release|Any CPU
	EndGlobalSection
	GlobalSection(ProjectConfigurationPlatforms) = postSolution
		{6F7B3075-BE8B-43D7-948F-C03D1D7220ED}.Debug|Any CPU.ActiveCfg = Debug|Any CPU
		{6F7B3075-BE8B-43D7-948F-C03D1D7220ED}.Debug|Any CPU.Build.0 = Debug|Any CPU
		{6F7B3075-BE8B-43D7-948F-C03D1D7220ED}.Release|Any CPU.ActiveCfg = Release|Any CPU
		{6F7B3075-BE8B-43D7-948F-C03D1D7220ED}.Release|Any CPU.Build.0 = Release|Any CPU
	EndGlobalSection
	GlobalSection(SolutionProperties) = preSolution
		HideSolutionNode = FALSE
	EndGlobalSection
	GlobalSection(ExtensibilityGlobals) = postSolution
		SolutionGuid = {F233786F-50B3-4A96-B702-4C4BFA3C70FA}
	EndGlobalSection
EndGlobal
