
Microsoft Visual Studio Solution File, Format Version 12.00
# Visual Studio Version 17
VisualStudioVersion = 17.6.33829.357
MinimumVisualStudioVersion = 10.0.40219.1
Project("{FAE04EC0-301F-11D3-BF4B-00C04F79EFBC}") = "Lab_Ass3_Ques4", "Lab_Ass3_Ques4\Lab_Ass3_Ques4.csproj", "{AF53DA7D-31ED-4A22-B8B9-59BFBED269F6}"
EndProject
Global
	GlobalSection(SolutionConfigurationPlatforms) = preSolution
		Debug|Any CPU = Debug|Any CPU
		Release|Any CPU = Release|Any CPU
	EndGlobalSection
	GlobalSection(ProjectConfigurationPlatforms) = postSolution
		{AF53DA7D-31ED-4A22-B8B9-59BFBED269F6}.Debug|Any CPU.ActiveCfg = Debug|Any CPU
		{AF53DA7D-31ED-4A22-B8B9-59BFBED269F6}.Debug|Any CPU.Build.0 = Debug|Any CPU
		{AF53DA7D-31ED-4A22-B8B9-59BFBED269F6}.Release|Any CPU.ActiveCfg = Release|Any CPU
		{AF53DA7D-31ED-4A22-B8B9-59BFBED269F6}.Release|Any CPU.Build.0 = Release|Any CPU
	EndGlobalSection
	GlobalSection(SolutionProperties) = preSolution
		HideSolutionNode = FALSE
	EndGlobalSection
	GlobalSection(ExtensibilityGlobals) = postSolution
		SolutionGuid = {995A9E24-BF98-4B31-BAD1-6584E383B70C}
	EndGlobalSection
EndGlobal
